<?xml version="1.0" encoding="utf-8"?>
<Project ToolsVersion="4.0" xmlns="http://schemas.microsoft.com/developer/msbuild/2003">
  <ItemGroup>
    <Filter Include="Listeners">
      <UniqueIdentifier>{48d6e27c-a5fa-4126-8c0f-7968cb81df24}</UniqueIdentifier>
    </Filter>
    <Filter Include="Interfaces">
      <UniqueIdentifier>{9257a4f9-b293-4daa-991c-51ad9940b64d}</UniqueIdentifier>
    </Filter>
    <Filter Include="Managers">
      <UniqueIdentifier>{c3c5e532-6662-4ad4-bc0f-11b4944fd91c}</UniqueIdentifier>
    </Filter>
    <Filter Include="GameStates">
      <UniqueIdentifier>{abff0ec1-5877-4cfe-96a2-9daa063c6221}</UniqueIdentifier>
    </Filter>
    <Filter Include="Objects">
      <UniqueIdentifier>{1dc583d0-4cf7-493b-bc77-f876651f1243}</UniqueIdentifier>
    </Filter>
  </ItemGroup>
  <ItemGroup>
    <ClCompile Include="GameFrameListener.cpp">
      <Filter>Listeners</Filter>
    </ClCompile>
    <ClCompile Include="GameKeyListener.cpp">
      <Filter>Listeners</Filter>
    </ClCompile>
    <ClCompile Include="GameMouseListener.cpp">
      <Filter>Listeners</Filter>
    </ClCompile>
    <ClCompile Include="GameWindowEventListener.cpp">
      <Filter>Listeners</Filter>
    </ClCompile>
    <ClCompile Include="main.cpp" />
    <ClCompile Include="MainClass.cpp" />
    <ClCompile Include="StateManager.cpp">
      <Filter>Managers</Filter>
    </ClCompile>
    <ClCompile Include="ObjectsManager.cpp">
      <Filter>Managers</Filter>
    </ClCompile>
    <ClCompile Include="MainMenuState.cpp">
      <Filter>GameStates</Filter>
    </ClCompile>
    <ClCompile Include="GUIManager.cpp">
      <Filter>Managers</Filter>
    </ClCompile>
    <ClCompile Include="MainManager.cpp">
      <Filter>Managers</Filter>
    </ClCompile>
    <ClCompile Include="PlayGameState.cpp">
      <Filter>GameStates</Filter>
    </ClCompile>
    <ClCompile Include="Player.cpp">
      <Filter>Objects</Filter>
    </ClCompile>
    <ClCompile Include="Bullet.cpp">
      <Filter>Objects</Filter>
    </ClCompile>
    <ClCompile Include="Enemy.cpp">
      <Filter>Objects</Filter>
    </ClCompile>
  </ItemGroup>
  <ItemGroup>
    <ClInclude Include="GameWindowEventListener.h">
      <Filter>Listeners</Filter>
    </ClInclude>
    <ClInclude Include="GameFrameListener.h">
      <Filter>Listeners</Filter>
    </ClInclude>
    <ClInclude Include="GameKeyListener.h">
      <Filter>Listeners</Filter>
    </ClInclude>
    <ClInclude Include="GameMouseListener.h">
      <Filter>Listeners</Filter>
    </ClInclude>
    <ClInclude Include="MainClass.h" />
    <ClInclude Include="StateManager.h">
      <Filter>Managers</Filter>
    </ClInclude>
    <ClInclude Include="ObjectsManager.h">
      <Filter>Managers</Filter>
    </ClInclude>
    <ClInclude Include="MainMenuState.h">
      <Filter>GameStates</Filter>
    </ClInclude>
    <ClInclude Include="GUIManager.h">
      <Filter>Managers</Filter>
    </ClInclude>
    <ClInclude Include="MainManager.h">
      <Filter>Managers</Filter>
    </ClInclude>
    <ClInclude Include="iState.h">
      <Filter>Interfaces</Filter>
    </ClInclude>
    <ClInclude Include="iMainListener.h">
      <Filter>Interfaces</Filter>
    </ClInclude>
    <ClInclude Include="iCore.h">
      <Filter>Interfaces</Filter>
    </ClInclude>
    <ClInclude Include="PlayGameState.h">
      <Filter>GameStates</Filter>
    </ClInclude>
    <ClInclude Include="iGameObject.h">
      <Filter>Interfaces</Filter>
    </ClInclude>
    <ClInclude Include="Player.h">
      <Filter>Objects</Filter>
    </ClInclude>
    <ClInclude Include="iControlled.h">
      <Filter>Interfaces</Filter>
    </ClInclude>
    <ClInclude Include="Bullet.h">
      <Filter>Objects</Filter>
    </ClInclude>
    <ClInclude Include="Enemy.h">
      <Filter>Objects</Filter>
    </ClInclude>
  </ItemGroup>
</Project>