<?xml version="1.0" encoding="utf-8"?>
<Project ToolsVersion="4.0" xmlns="http://schemas.microsoft.com/developer/msbuild/2003">
  <ItemGroup>
    <Filter Include="GameStates">
      <UniqueIdentifier>{abff0ec1-5877-4cfe-96a2-9daa063c6221}</UniqueIdentifier>
    </Filter>
    <Filter Include="Objects">
      <UniqueIdentifier>{1dc583d0-4cf7-493b-bc77-f876651f1243}</UniqueIdentifier>
    </Filter>
    <Filter Include="Other">
      <UniqueIdentifier>{6f03b88d-a07a-4111-ba15-ac46207e88e5}</UniqueIdentifier>
    </Filter>
  </ItemGroup>
  <ItemGroup>
    <ClCompile Include="main.cpp" />
    <ClCompile Include="MainMenuState.cpp">
      <Filter>GameStates</Filter>
    </ClCompile>
    <ClCompile Include="PlayGameState.cpp">
      <Filter>GameStates</Filter>
    </ClCompile>
    <ClCompile Include="Player.cpp">
      <Filter>Objects</Filter>
    </ClCompile>
    <ClCompile Include="Bullet.cpp">
      <Filter>Objects</Filter>
    </ClCompile>
    <ClCompile Include="Enemy.cpp">
      <Filter>Objects</Filter>
    </ClCompile>
    <ClCompile Include="WinState.cpp">
      <Filter>GameStates</Filter>
    </ClCompile>
    <ClCompile Include="LoseState.cpp">
      <Filter>GameStates</Filter>
    </ClCompile>
    <ClCompile Include="MainClass.cpp" />
    <ClCompile Include="LoadScreen.cpp">
      <Filter>Other</Filter>
    </ClCompile>
    <ClCompile Include="SplashState.cpp">
      <Filter>GameStates</Filter>
    </ClCompile>
  </ItemGroup>
  <ItemGroup>
    <ClInclude Include="MainMenuState.h">
      <Filter>GameStates</Filter>
    </ClInclude>
    <ClInclude Include="PlayGameState.h">
      <Filter>GameStates</Filter>
    </ClInclude>
    <ClInclude Include="Player.h">
      <Filter>Objects</Filter>
    </ClInclude>
    <ClInclude Include="Bullet.h">
      <Filter>Objects</Filter>
    </ClInclude>
    <ClInclude Include="Enemy.h">
      <Filter>Objects</Filter>
    </ClInclude>
    <ClInclude Include="WinState.h">
      <Filter>GameStates</Filter>
    </ClInclude>
    <ClInclude Include="LoseState.h">
      <Filter>GameStates</Filter>
    </ClInclude>
    <ClInclude Include="MainClass.h" />
    <ClInclude Include="LoadScreen.h">
      <Filter>Other</Filter>
    </ClInclude>
    <ClInclude Include="SplashState.h">
      <Filter>GameStates</Filter>
    </ClInclude>
  </ItemGroup>
</Project>